# This file is automatically @generated by Cargo.
# It is not intended for manual editing.
version = 4

[[package]]
name = "bitmask-enum"
version = "2.2.5"
source = "registry+https://github.com/rust-lang/crates.io-index"
checksum = "e6cbbb8f56245b5a479b30a62cdc86d26e2f35c2b9f594bc4671654b03851380"
dependencies = [
 "quote",
 "syn",
]

[[package]]
name = "halcyon"
version = "0.1.0"
dependencies = [
 "bitmask-enum",
 "paste",
 "sdl3-sys",
 "sdl3-ttf-sys",
]

[[package]]
name = "paste"
version = "1.0.15"
source = "registry+https://github.com/rust-lang/crates.io-index"
checksum = "57c0d7b74b563b49d38dae00a0c37d4d6de9b432382b2892f0574ddcae73fd0a"

[[package]]
name = "proc-macro2"
version = "1.0.106"
source = "registry+https://github.com/rust-lang/crates.io-index"
checksum = "8fd00f0bb2e90d81d1044c2b32617f68fcb9fa3bb7640c23e9c748e53fb30934"
dependencies = [
 "unicode-ident",
]

[[package]]
name = "quest-rs"
version = "0.1.0"
dependencies = [
 "halcyon",
 "rectpack2d-rs",
 "sdl3-sys",
]

[[package]]
name = "quote"
version = "1.0.44"
source = "registry+https://github.com/rust-lang/crates.io-index"
checksum = "21b2ebcf727b7760c461f091f9f0f539b77b8e87f2fd88131e7f1b433b3cece4"
dependencies = [
 "proc-macro2",
]

[[package]]
name = "rectpack2d-rs"
version = "0.1.0"

[[package]]
name = "sdl3-sys"
version = "0.5.12+SDL3-3.2.30"
source = "registry+https://github.com/rust-lang/crates.io-index"
checksum = "78b9638d20441d9641bf479d5ec737a46e159549df3a03d1c09d6387f5adf128"

[[package]]
name = "sdl3-ttf-sys"
version = "0.2.1+SDL3-ttf-3.2.2"
source = "registry+https://github.com/rust-lang/crates.io-index"
checksum = "b552f1d822f0024121a77ceebcb92c74c78532a3b9d4bf8aae3c2cbc02d3cbd2"
dependencies = [
 "sdl3-sys",
]

[[package]]
name = "syn"
version = "2.0.115"
source = "registry+https://github.com/rust-lang/crates.io-index"
checksum = "6e614ed320ac28113fa64972c4262d5dbc89deacdfd00c34a3e4cea073243c12"
dependencies = [
 "proc-macro2",
 "quote",
 "unicode-ident",
]

[[package]]
name = "unicode-ident"
version = "1.0.23"
source = "registry+https://github.com/rust-lang/crates.io-index"
checksum = "537dd038a89878be9b64dd4bd1b260315c1bb94f4d784956b81e27a088d9a09e"
