# This file is automatically @generated by Cargo.
# It is not intended for manual editing.
version = 4

[[package]]
name = "bitflags"
version = "2.13.1"
source = "registry+https://github.com/rust-lang/crates.io-index"
checksum = "b588b76d00fde79687d7646a9b5bdf3cc0f655e0bbd080335a95d7e96f3587da"

[[package]]
name = "halcyon"
version = "0.1.0"
dependencies = [
 "bitflags",
 "paste",
 "sdl3-sys",
 "sdl3-ttf-sys",
]

[[package]]
name = "paste"
version = "1.0.15"
source = "registry+https://github.com/rust-lang/crates.io-index"
checksum = "57c0d7b74b563b49d38dae00a0c37d4d6de9b432382b2892f0574ddcae73fd0a"

[[package]]
name = "pkg-config"
version = "0.3.34"
source = "registry+https://github.com/rust-lang/crates.io-index"
checksum = "f6b464fbc74e149a392436b17d523f769e057cb6877f6a5c4618bc6f11800548"

[[package]]
name = "quest-rs"
version = "0.1.0"
dependencies = [
 "halcyon",
 "rectpack2d-rs",
 "sdl3-sys",
]

[[package]]
name = "rectpack2d-rs"
version = "0.1.0"

[[package]]
name = "sdl3-sys"
version = "0.6.8+SDL-3.4.14"
source = "registry+https://github.com/rust-lang/crates.io-index"
checksum = "b97e3d18c4994224aec3fb2d3d189f5fc88af0958fb8ed7b569272fde558f033"
dependencies = [
 "pkg-config",
 "vcpkg",
]

[[package]]
name = "sdl3-ttf-sys"
version = "0.6.1+SDL-ttf-3.2.2"
source = "registry+https://github.com/rust-lang/crates.io-index"
checksum = "8137096072109d6c834d4cb30b8a617ded4f150c7766757eddc834108bbcefd2"
dependencies = [
 "pkg-config",
 "sdl3-sys",
 "vcpkg",
]

[[package]]
name = "vcpkg"
version = "0.2.15"
source = "registry+https://github.com/rust-lang/crates.io-index"
checksum = "accd4ea62f7bb7a82fe23066fb0957d48ef677f6eeb8215f372f52e48bb32426"
