# This file is automatically @generated by Cargo.
# It is not intended for manual editing.
version = 4

[[package]]
name = "bitmask-enum"
version = "2.2.5"
source = "registry+https://github.com/rust-lang/crates.io-index"
checksum = "e6cbbb8f56245b5a479b30a62cdc86d26e2f35c2b9f594bc4671654b03851380"
dependencies = [
 "quote",
 "syn",
]

[[package]]
name = "halcyon"
version = "0.1.0"
dependencies = [
 "bitmask-enum",
 "sdl3-sys",
]

[[package]]
name = "proc-macro2"
version = "1.0.101"
source = "registry+https://github.com/rust-lang/crates.io-index"
checksum = "89ae43fd86e4158d6db51ad8e2b80f313af9cc74f5c0e03ccb87de09998732de"
dependencies = [
 "unicode-ident",
]

[[package]]
name = "quest-rs"
version = "0.1.0"
dependencies = [
 "halcyon",
 "rectpack2d-rs",
 "sdl3-sys",
]

[[package]]
name = "quote"
version = "1.0.40"
source = "registry+https://github.com/rust-lang/crates.io-index"
checksum = "1885c039570dc00dcb4ff087a89e185fd56bae234ddc7f056a945bf36467248d"
dependencies = [
 "proc-macro2",
]

[[package]]
name = "rectpack2d-rs"
version = "0.1.0"

[[package]]
name = "sdl3-sys"
version = "0.5.5+SDL3-3.2.22"
source = "registry+https://github.com/rust-lang/crates.io-index"
checksum = "488b4c68d9c0a450087a8b7c9dc6921483354127b0e60033d2d9b8f6a281331b"

[[package]]
name = "syn"
version = "2.0.106"
source = "registry+https://github.com/rust-lang/crates.io-index"
checksum = "ede7c438028d4436d71104916910f5bb611972c5cfd7f89b8300a8186e6fada6"
dependencies = [
 "proc-macro2",
 "quote",
 "unicode-ident",
]

[[package]]
name = "unicode-ident"
version = "1.0.18"
source = "registry+https://github.com/rust-lang/crates.io-index"
checksum = "5a5f39404a5da50712a4c1eecf25e90dd62b613502b7e925fd4e4d19b5c96512"
